// !$*UTF8*$!
{
	archiveVersion = 1;
	classes = {
	};
	objectVersion = 50;
	objects = {

/* Begin PBXBuildFile section */
		18CB452522A55E380059E3FB /* MemoryStream.cpp in Sources */ = {isa = PBXBuildFile; fileRef = 18CB451722A55E370059E3FB /* MemoryStream.cpp */; };
		18CB452622A55E380059E3FB /* Timer.h in Headers */ = {isa = PBXBuildFile; fileRef = 18CB451822A55E370059E3FB /* Timer.h */; };
		18CB452722A55E380059E3FB /* TCPSeesion.cpp in Sources */ = {isa = PBXBuildFile; fileRef = 18CB451922A55E370059E3FB /* TCPSeesion.cpp */; };
		18CB452822A55E380059E3FB /* Timer.cpp in Sources */ = {isa = PBXBuildFile; fileRef = 18CB451A22A55E370059E3FB /* Timer.cpp */; };
		18CB452922A55E380059E3FB /* MemoryStream.h in Headers */ = {isa = PBXBuildFile; fileRef = 18CB451B22A55E370059E3FB /* MemoryStream.h */; };
		18CB452A22A55E380059E3FB /* TCPManager.h in Headers */ = {isa = PBXBuildFile; fileRef = 18CB451C22A55E370059E3FB /* TCPManager.h */; };
		18CB452B22A55E380059E3FB /* LogService.cpp in Sources */ = {isa = PBXBuildFile; fileRef = 18CB451D22A55E370059E3FB /* LogService.cpp */; };
		18CB452C22A55E380059E3FB /* EventDispatcher.cpp in Sources */ = {isa = PBXBuildFile; fileRef = 18CB451E22A55E370059E3FB /* EventDispatcher.cpp */; };
		18CB452D22A55E380059E3FB /* NetPacket.cpp in Sources */ = {isa = PBXBuildFile; fileRef = 18CB451F22A55E370059E3FB /* NetPacket.cpp */; };
		18CB452E22A55E380059E3FB /* EventDispatcher.h in Headers */ = {isa = PBXBuildFile; fileRef = 18CB452022A55E370059E3FB /* EventDispatcher.h */; };
		18CB452F22A55E380059E3FB /* TCPSeesion.h in Headers */ = {isa = PBXBuildFile; fileRef = 18CB452122A55E370059E3FB /* TCPSeesion.h */; };
		18CB453022A55E380059E3FB /* LogService.h in Headers */ = {isa = PBXBuildFile; fileRef = 18CB452222A55E380059E3FB /* LogService.h */; };
		18CB453122A55E380059E3FB /* NetPacket.h in Headers */ = {isa = PBXBuildFile; fileRef = 18CB452322A55E380059E3FB /* NetPacket.h */; };
		18CB453222A55E380059E3FB /* TCPManager.cpp in Sources */ = {isa = PBXBuildFile; fileRef = 18CB452422A55E380059E3FB /* TCPManager.cpp */; };
/* End PBXBuildFile section */

/* Begin PBXFileReference section */
		18CB450922A55D9F0059E3FB /* libCoreService.a */ = {isa = PBXFileReference; explicitFileType = archive.ar; includeInIndex = 0; path = libCoreService.a; sourceTree = BUILT_PRODUCTS_DIR; };
		18CB451722A55E370059E3FB /* MemoryStream.cpp */ = {isa = PBXFileReference; fileEncoding = 4; lastKnownFileType = sourcecode.cpp.cpp; path = MemoryStream.cpp; sourceTree = SOURCE_ROOT; };
		18CB451822A55E370059E3FB /* Timer.h */ = {isa = PBXFileReference; fileEncoding = 4; lastKnownFileType = sourcecode.c.h; path = Timer.h; sourceTree = SOURCE_ROOT; };
		18CB451922A55E370059E3FB /* TCPSeesion.cpp */ = {isa = PBXFileReference; fileEncoding = 4; lastKnownFileType = sourcecode.cpp.cpp; path = TCPSeesion.cpp; sourceTree = SOURCE_ROOT; };
		18CB451A22A55E370059E3FB /* Timer.cpp */ = {isa = PBXFileReference; fileEncoding = 4; lastKnownFileType = sourcecode.cpp.cpp; path = Timer.cpp; sourceTree = SOURCE_ROOT; };
		18CB451B22A55E370059E3FB /* MemoryStream.h */ = {isa = PBXFileReference; fileEncoding = 4; lastKnownFileType = sourcecode.c.h; path = MemoryStream.h; sourceTree = SOURCE_ROOT; };
		18CB451C22A55E370059E3FB /* TCPManager.h */ = {isa = PBXFileReference; fileEncoding = 4; lastKnownFileType = sourcecode.c.h; path = TCPManager.h; sourceTree = SOURCE_ROOT; };
		18CB451D22A55E370059E3FB /* LogService.cpp */ = {isa = PBXFileReference; fileEncoding = 4; lastKnownFileType = sourcecode.cpp.cpp; path = LogService.cpp; sourceTree = SOURCE_ROOT; };
		18CB451E22A55E370059E3FB /* EventDispatcher.cpp */ = {isa = PBXFileReference; fileEncoding = 4; lastKnownFileType = sourcecode.cpp.cpp; path = EventDispatcher.cpp; sourceTree = SOURCE_ROOT; };
		18CB451F22A55E370059E3FB /* NetPacket.cpp */ = {isa = PBXFileReference; fileEncoding = 4; lastKnownFileType = sourcecode.cpp.cpp; path = NetPacket.cpp; sourceTree = SOURCE_ROOT; };
		18CB452022A55E370059E3FB /* EventDispatcher.h */ = {isa = PBXFileReference; fileEncoding = 4; lastKnownFileType = sourcecode.c.h; path = EventDispatcher.h; sourceTree = SOURCE_ROOT; };
		18CB452122A55E370059E3FB /* TCPSeesion.h */ = {isa = PBXFileReference; fileEncoding = 4; lastKnownFileType = sourcecode.c.h; path = TCPSeesion.h; sourceTree = SOURCE_ROOT; };
		18CB452222A55E380059E3FB /* LogService.h */ = {isa = PBXFileReference; fileEncoding = 4; lastKnownFileType = sourcecode.c.h; path = LogService.h; sourceTree = SOURCE_ROOT; };
		18CB452322A55E380059E3FB /* NetPacket.h */ = {isa = PBXFileReference; fileEncoding = 4; lastKnownFileType = sourcecode.c.h; path = NetPacket.h; sourceTree = SOURCE_ROOT; };
		18CB452422A55E380059E3FB /* TCPManager.cpp */ = {isa = PBXFileReference; fileEncoding = 4; lastKnownFileType = sourcecode.cpp.cpp; path = TCPManager.cpp; sourceTree = SOURCE_ROOT; };
/* End PBXFileReference section */

/* Begin PBXFrameworksBuildPhase section */
		18CB450722A55D9F0059E3FB /* Frameworks */ = {
			isa = PBXFrameworksBuildPhase;
			buildActionMask = 2147483647;
			files = (
			);
			runOnlyForDeploymentPostprocessing = 0;
		};
/* End PBXFrameworksBuildPhase section */

/* Begin PBXGroup section */
		18CB450022A55D9F0059E3FB = {
			isa = PBXGroup;
			children = (
				18CB450B22A55D9F0059E3FB /* CoreService */,
				18CB450A22A55D9F0059E3FB /* Products */,
			);
			sourceTree = "<group>";
		};
		18CB450A22A55D9F0059E3FB /* Products */ = {
			isa = PBXGroup;
			children = (
				18CB450922A55D9F0059E3FB /* libCoreService.a */,
			);
			name = Products;
			sourceTree = "<group>";
		};
		18CB450B22A55D9F0059E3FB /* CoreService */ = {
			isa = PBXGroup;
			children = (
				18CB451E22A55E370059E3FB /* EventDispatcher.cpp */,
				18CB452022A55E370059E3FB /* EventDispatcher.h */,
				18CB451D22A55E370059E3FB /* LogService.cpp */,
				18CB452222A55E380059E3FB /* LogService.h */,
				18CB451722A55E370059E3FB /* MemoryStream.cpp */,
				18CB451B22A55E370059E3FB /* MemoryStream.h */,
				18CB451F22A55E370059E3FB /* NetPacket.cpp */,
				18CB452322A55E380059E3FB /* NetPacket.h */,
				18CB452422A55E380059E3FB /* TCPManager.cpp */,
				18CB451C22A55E370059E3FB /* TCPManager.h */,
				18CB451922A55E370059E3FB /* TCPSeesion.cpp */,
				18CB452122A55E370059E3FB /* TCPSeesion.h */,
				18CB451A22A55E370059E3FB /* Timer.cpp */,
				18CB451822A55E370059E3FB /* Timer.h */,
			);
			path = CoreService;
			sourceTree = "<group>";
		};
/* End PBXGroup section */

/* Begin PBXHeadersBuildPhase section */
		18CB450522A55D9F0059E3FB /* Headers */ = {
			isa = PBXHeadersBuildPhase;
			buildActionMask = 2147483647;
			files = (
				18CB452F22A55E380059E3FB /* TCPSeesion.h in Headers */,
				18CB452E22A55E380059E3FB /* EventDispatcher.h in Headers */,
				18CB452622A55E380059E3FB /* Timer.h in Headers */,
				18CB453122A55E380059E3FB /* NetPacket.h in Headers */,
				18CB453022A55E380059E3FB /* LogService.h in Headers */,
				18CB452A22A55E380059E3FB /* TCPManager.h in Headers */,
				18CB452922A55E380059E3FB /* MemoryStream.h in Headers */,
			);
			runOnlyForDeploymentPostprocessing = 0;
		};
/* End PBXHeadersBuildPhase section */

/* Begin PBXNativeTarget section */
		18CB450822A55D9F0059E3FB /* CoreService */ = {
			isa = PBXNativeTarget;
			buildConfigurationList = 18CB451422A55D9F0059E3FB /* Build configuration list for PBXNativeTarget "CoreService" */;
			buildPhases = (
				18CB450522A55D9F0059E3FB /* Headers */,
				18CB450622A55D9F0059E3FB /* Sources */,
				18CB450722A55D9F0059E3FB /* Frameworks */,
			);
			buildRules = (
			);
			dependencies = (
			);
			name = CoreService;
			productName = CoreService;
			productReference = 18CB450922A55D9F0059E3FB /* libCoreService.a */;
			productType = "com.apple.product-type.library.static";
		};
/* End PBXNativeTarget section */

/* Begin PBXProject section */
		18CB450122A55D9F0059E3FB /* Project object */ = {
			isa = PBXProject;
			attributes = {
				LastUpgradeCheck = 1020;
				ORGANIZATIONNAME = apple;
				TargetAttributes = {
					18CB450822A55D9F0059E3FB = {
						CreatedOnToolsVersion = 10.2.1;
					};
				};
			};
			buildConfigurationList = 18CB450422A55D9F0059E3FB /* Build configuration list for PBXProject "CoreService" */;
			compatibilityVersion = "Xcode 9.3";
			developmentRegion = en;
			hasScannedForEncodings = 0;
			knownRegions = (
				en,
			);
			mainGroup = 18CB450022A55D9F0059E3FB;
			productRefGroup = 18CB450A22A55D9F0059E3FB /* Products */;
			projectDirPath = "";
			projectRoot = "";
			targets = (
				18CB450822A55D9F0059E3FB /* CoreService */,
			);
		};
/* End PBXProject section */

/* Begin PBXSourcesBuildPhase section */
		18CB450622A55D9F0059E3FB /* Sources */ = {
			isa = PBXSourcesBuildPhase;
			buildActionMask = 2147483647;
			files = (
				18CB452822A55E380059E3FB /* Timer.cpp in Sources */,
				18CB452D22A55E380059E3FB /* NetPacket.cpp in Sources */,
				18CB452722A55E380059E3FB /* TCPSeesion.cpp in Sources */,
				18CB452C22A55E380059E3FB /* EventDispatcher.cpp in Sources */,
				18CB453222A55E380059E3FB /* TCPManager.cpp in Sources */,
				18CB452B22A55E380059E3FB /* LogService.cpp in Sources */,
				18CB452522A55E380059E3FB /* MemoryStream.cpp in Sources */,
			);
			runOnlyForDeploymentPostprocessing = 0;
		};
/* End PBXSourcesBuildPhase section */

/* Begin XCBuildConfiguration section */
		18CB451222A55D9F0059E3FB /* Debug */ = {
			isa = XCBuildConfiguration;
			buildSettings = {
				ALWAYS_SEARCH_USER_PATHS = YES;
				CLANG_ANALYZER_NONNULL = YES;
				CLANG_ANALYZER_NUMBER_OBJECT_CONVERSION = YES_AGGRESSIVE;
				CLANG_CXX_LANGUAGE_STANDARD = "gnu++14";
				CLANG_CXX_LIBRARY = "libc++";
				CLANG_ENABLE_MODULES = YES;
				CLANG_ENABLE_OBJC_ARC = YES;
				CLANG_ENABLE_OBJC_WEAK = YES;
				CLANG_WARN_BLOCK_CAPTURE_AUTORELEASING = YES;
				CLANG_WARN_BOOL_CONVERSION = YES;
				CLANG_WARN_COMMA = YES;
				CLANG_WARN_CONSTANT_CONVERSION = YES;
				CLANG_WARN_DEPRECATED_OBJC_IMPLEMENTATIONS = YES;
				CLANG_WARN_DIRECT_OBJC_ISA_USAGE = YES_ERROR;
				CLANG_WARN_DOCUMENTATION_COMMENTS = YES;
				CLANG_WARN_EMPTY_BODY = YES;
				CLANG_WARN_ENUM_CONVERSION = YES;
				CLANG_WARN_INFINITE_RECURSION = YES;
				CLANG_WARN_INT_CONVERSION = YES;
				CLANG_WARN_NON_LITERAL_NULL_CONVERSION = YES;
				CLANG_WARN_OBJC_IMPLICIT_RETAIN_SELF = YES;
				CLANG_WARN_OBJC_LITERAL_CONVERSION = YES;
				CLANG_WARN_OBJC_ROOT_CLASS = YES_ERROR;
				CLANG_WARN_RANGE_LOOP_ANALYSIS = YES;
				CLANG_WARN_STRICT_PROTOTYPES = YES;
				CLANG_WARN_SUSPICIOUS_MOVE = YES;
				CLANG_WARN_UNGUARDED_AVAILABILITY = YES_AGGRESSIVE;
				CLANG_WARN_UNREACHABLE_CODE = YES;
				CLANG_WARN__DUPLICATE_METHOD_MATCH = YES;
				CODE_SIGN_IDENTITY = "-";
				COPY_PHASE_STRIP = NO;
				DEBUG_INFORMATION_FORMAT = dwarf;
				ENABLE_STRICT_OBJC_MSGSEND = YES;
				ENABLE_TESTABILITY = YES;
				GCC_C_LANGUAGE_STANDARD = gnu11;
				GCC_DYNAMIC_NO_PIC = NO;
				GCC_NO_COMMON_BLOCKS = YES;
				GCC_OPTIMIZATION_LEVEL = 0;
				GCC_PREPROCESSOR_DEFINITIONS = (
					"DEBUG=1",
					"$(inherited)",
				);
				GCC_WARN_64_TO_32_BIT_CONVERSION = YES;
				GCC_WARN_ABOUT_RETURN_TYPE = YES_ERROR;
				GCC_WARN_UNDECLARED_SELECTOR = YES;
				GCC_WARN_UNINITIALIZED_AUTOS = YES_AGGRESSIVE;
				GCC_WARN_UNUSED_FUNCTION = YES;
				GCC_WARN_UNUSED_VARIABLE = YES;
				HEADER_SEARCH_PATHS = "";
				MACOSX_DEPLOYMENT_TARGET = 10.14;
				MTL_ENABLE_DEBUG_INFO = INCLUDE_SOURCE;
				MTL_FAST_MATH = YES;
				ONLY_ACTIVE_ARCH = YES;
				SDKROOT = macosx;
			};
			name = Debug;
		};
		18CB451322A55D9F0059E3FB /* Release */ = {
			isa = XCBuildConfiguration;
			buildSettings = {
				ALWAYS_SEARCH_USER_PATHS = YES;
				CLANG_ANALYZER_NONNULL = YES;
				CLANG_ANALYZER_NUMBER_OBJECT_CONVERSION = YES_AGGRESSIVE;
				CLANG_CXX_LANGUAGE_STANDARD = "gnu++14";
				CLANG_CXX_LIBRARY = "libc++";
				CLANG_ENABLE_MODULES = YES;
				CLANG_ENABLE_OBJC_ARC = YES;
				CLANG_ENABLE_OBJC_WEAK = YES;
				CLANG_WARN_BLOCK_CAPTURE_AUTORELEASING = YES;
				CLANG_WARN_BOOL_CONVERSION = YES;
				CLANG_WARN_COMMA = YES;
				CLANG_WARN_CONSTANT_CONVERSION = YES;
				CLANG_WARN_DEPRECATED_OBJC_IMPLEMENTATIONS = YES;
				CLANG_WARN_DIRECT_OBJC_ISA_USAGE = YES_ERROR;
				CLANG_WARN_DOCUMENTATION_COMMENTS = YES;
				CLANG_WARN_EMPTY_BODY = YES;
				CLANG_WARN_ENUM_CONVERSION = YES;
				CLANG_WARN_INFINITE_RECURSION = YES;
				CLANG_WARN_INT_CONVERSION = YES;
				CLANG_WARN_NON_LITERAL_NULL_CONVERSION = YES;
				CLANG_WARN_OBJC_IMPLICIT_RETAIN_SELF = YES;
				CLANG_WARN_OBJC_LITERAL_CONVERSION = YES;
				CLANG_WARN_OBJC_ROOT_CLASS = YES_ERROR;
				CLANG_WARN_RANGE_LOOP_ANALYSIS = YES;
				CLANG_WARN_STRICT_PROTOTYPES = YES;
				CLANG_WARN_SUSPICIOUS_MOVE = YES;
				CLANG_WARN_UNGUARDED_AVAILABILITY = YES_AGGRESSIVE;
				CLANG_WARN_UNREACHABLE_CODE = YES;
				CLANG_WARN__DUPLICATE_METHOD_MATCH = YES;
				CODE_SIGN_IDENTITY = "-";
				COPY_PHASE_STRIP = NO;
				DEBUG_INFORMATION_FORMAT = "dwarf-with-dsym";
				ENABLE_NS_ASSERTIONS = NO;
				ENABLE_STRICT_OBJC_MSGSEND = YES;
				GCC_C_LANGUAGE_STANDARD = gnu11;
				GCC_NO_COMMON_BLOCKS = YES;
				GCC_WARN_64_TO_32_BIT_CONVERSION = YES;
				GCC_WARN_ABOUT_RETURN_TYPE = YES_ERROR;
				GCC_WARN_UNDECLARED_SELECTOR = YES;
				GCC_WARN_UNINITIALIZED_AUTOS = YES_AGGRESSIVE;
				GCC_WARN_UNUSED_FUNCTION = YES;
				GCC_WARN_UNUSED_VARIABLE = YES;
				HEADER_SEARCH_PATHS = "";
				MACOSX_DEPLOYMENT_TARGET = 10.14;
				MTL_ENABLE_DEBUG_INFO = NO;
				MTL_FAST_MATH = YES;
				SDKROOT = macosx;
			};
			name = Release;
		};
		18CB451522A55D9F0059E3FB /* Debug */ = {
			isa = XCBuildConfiguration;
			buildSettings = {
				ALWAYS_SEARCH_USER_PATHS = YES;
				CODE_SIGN_STYLE = Automatic;
				EXECUTABLE_PREFIX = lib;
				GCC_ENABLE_CPP_EXCEPTIONS = YES;
				GCC_ENABLE_CPP_RTTI = YES;
				HEADER_SEARCH_PATHS = (
					"$(SRCROOT)/../ThridParty/fmt/include",
					/usr/local/include,
				);
				PRODUCT_NAME = "$(TARGET_NAME)";
				SKIP_INSTALL = YES;
				USER_HEADER_SEARCH_PATHS = "$(SRCROOT)/../ThridParty/fmt/include";
			};
			name = Debug;
		};
		18CB451622A55D9F0059E3FB /* Release */ = {
			isa = XCBuildConfiguration;
			buildSettings = {
				ALWAYS_SEARCH_USER_PATHS = YES;
				CODE_SIGN_STYLE = Automatic;
				EXECUTABLE_PREFIX = lib;
				GCC_ENABLE_CPP_EXCEPTIONS = YES;
				GCC_ENABLE_CPP_RTTI = YES;
				HEADER_SEARCH_PATHS = (
					"$(SRCROOT)/../ThridParty/fmt/include",
					/usr/local/include,
				);
				PRODUCT_NAME = "$(TARGET_NAME)";
				SKIP_INSTALL = YES;
				USER_HEADER_SEARCH_PATHS = "$(SRCROOT)/../ThridParty/fmt/include";
			};
			name = Release;
		};
/* End XCBuildConfiguration section */

/* Begin XCConfigurationList section */
		18CB450422A55D9F0059E3FB /* Build configuration list for PBXProject "CoreService" */ = {
			isa = XCConfigurationList;
			buildConfigurations = (
				18CB451222A55D9F0059E3FB /* Debug */,
				18CB451322A55D9F0059E3FB /* Release */,
			);
			defaultConfigurationIsVisible = 0;
			defaultConfigurationName = Release;
		};
		18CB451422A55D9F0059E3FB /* Build configuration list for PBXNativeTarget "CoreService" */ = {
			isa = XCConfigurationList;
			buildConfigurations = (
				18CB451522A55D9F0059E3FB /* Debug */,
				18CB451622A55D9F0059E3FB /* Release */,
			);
			defaultConfigurationIsVisible = 0;
			defaultConfigurationName = Release;
		};
/* End XCConfigurationList section */
	};
	rootObject = 18CB450122A55D9F0059E3FB /* Project object */;
}
