<?xml version="1.0" encoding="utf-8"?>
<Project ToolsVersion="4.0" xmlns="http://schemas.microsoft.com/developer/msbuild/2003">
  <ItemGroup>
    <Filter Include="资源文件">
      <UniqueIdentifier>{67DA6AB6-F800-4c08-8B7A-83BB121AAD01}</UniqueIdentifier>
      <Extensions>rc;ico;cur;bmp;dlg;rc2;rct;bin;rgs;gif;jpg;jpeg;jpe;resx;tiff;tif;png;wav;mfcribbon-ms</Extensions>
    </Filter>
  </ItemGroup>
  <ItemGroup>
    <ClCompile Include="CommonFunc.cpp" />
    <ClCompile Include="IOCPPoller.cpp" />
    <ClCompile Include="TCPListener.cpp" />
    <ClCompile Include="Connection.cpp" />
    <ClCompile Include="EventPoller.cpp" />
    <ClCompile Include="NetPacket.cpp" />
    <ClCompile Include="TCPConnector.cpp" />
  </ItemGroup>
  <ItemGroup>
    <ClInclude Include="CommonFunc.h" />
    <ClInclude Include="EventPoller.h" />
    <ClInclude Include="IOCPPoller.h" />
    <ClInclude Include="Platform.h" />
    <ClInclude Include="TCPListener.h" />
    <ClInclude Include="Connection.h" />
    <ClInclude Include="NetPacket.h" />
    <ClInclude Include="TCPConnector.h" />
  </ItemGroup>
</Project>